
Microsoft Visual Studio Solution File, Format Version 12.00
# Visual Studio Version 17
VisualStudioVersion = 17.6.33801.468
MinimumVisualStudioVersion = 10.0.40219.1
Project("{FAE04EC0-301F-11D3-BF4B-00C04F79EFBC}") = "WorldBoxModLoaderInstaller", "WorldBoxModLoaderInstaller.csproj", "{18374516-580E-48C4-BEC7-A3C6946C28C4}"
EndProject
Global
	GlobalSection(SolutionConfigurationPlatforms) = preSolution
		Debug|Any CPU = Debug|Any CPU
		DebugUninstall|Any CPU = DebugUninstall|Any CPU
		Release|Any CPU = Release|Any CPU
	EndGlobalSection
	GlobalSection(ProjectConfigurationPlatforms) = postSolution
		{18374516-580E-48C4-BEC7-A3C6946C28C4}.Debug|Any CPU.ActiveCfg = Debug|Any CPU
		{18374516-580E-48C4-BEC7-A3C6946C28C4}.Debug|Any CPU.Build.0 = Debug|Any CPU
		{18374516-580E-48C4-BEC7-A3C6946C28C4}.DebugUninstall|Any CPU.ActiveCfg = DebugUninstall|Any CPU
		{18374516-580E-48C4-BEC7-A3C6946C28C4}.DebugUninstall|Any CPU.Build.0 = DebugUninstall|Any CPU
		{18374516-580E-48C4-BEC7-A3C6946C28C4}.Release|Any CPU.ActiveCfg = Release|Any CPU
		{18374516-580E-48C4-BEC7-A3C6946C28C4}.Release|Any CPU.Build.0 = Release|Any CPU
	EndGlobalSection
	GlobalSection(SolutionProperties) = preSolution
		HideSolutionNode = FALSE
	EndGlobalSection
	GlobalSection(ExtensibilityGlobals) = postSolution
		SolutionGuid = {83DB761E-F0EE-4BCD-B41F-8BDDD164850C}
	EndGlobalSection
EndGlobal
